
Microsoft Visual Studio Solution File, Format Version 12.00
# Visual Studio Version 17
VisualStudioVersion = 17.9.34723.18
MinimumVisualStudioVersion = 10.0.40219.1
Project("{9A19103F-16F7-4668-BE54-9A1E7A4F7556}") = "ServiceBricks.Security", "src\V1\ServiceBricks.Security\ServiceBricks.Security.csproj", "{D840552F-631E-4082-8531-1E39005619D7}"
EndProject
Project("{9A19103F-16F7-4668-BE54-9A1E7A4F7556}") = "ServiceBricks.Security.AzureDataTables", "src\V1\ServiceBricks.Security.AzureDataTables\ServiceBricks.Security.AzureDataTables.csproj", "{96D5C46A-C685-4080-96B8-504490EFF8AB}"
EndProject
Project("{9A19103F-16F7-4668-BE54-9A1E7A4F7556}") = "ServiceBricks.Security.AzureDataTables.Debug", "src\V1\ServiceBricks.Security.AzureDataTables.Debug\ServiceBricks.Security.AzureDataTables.Debug.csproj", "{2B835B50-7B2E-458F-BFB9-007E17D1EC56}"
EndProject
Project("{9A19103F-16F7-4668-BE54-9A1E7A4F7556}") = "ServiceBricks.Security.Cosmos", "src\V1\ServiceBricks.Security.Cosmos\ServiceBricks.Security.Cosmos.csproj", "{A7BD491B-BA52-4567-A13D-4DF5E8192166}"
EndProject
Project("{9A19103F-16F7-4668-BE54-9A1E7A4F7556}") = "ServiceBricks.Security.Cosmos.Debug", "src\V1\ServiceBricks.Security.Cosmos.Debug\ServiceBricks.Security.Cosmos.Debug.csproj", "{AE135767-92B1-4101-A441-65FB639CE310}"
EndProject
Project("{9A19103F-16F7-4668-BE54-9A1E7A4F7556}") = "ServiceBricks.Security.Debug", "src\V1\ServiceBricks.Security.Debug\ServiceBricks.Security.Debug.csproj", "{0E5F1DBC-EABD-4C3E-A807-D062C178A88E}"
EndProject
Project("{9A19103F-16F7-4668-BE54-9A1E7A4F7556}") = "ServiceBricks.Security.EntityFrameworkCore", "src\V1\ServiceBricks.Security.EntityFrameworkCore\ServiceBricks.Security.EntityFrameworkCore.csproj", "{6C5F9C9B-3AA3-4A42-AA2E-87741273ADE5}"
EndProject
Project("{9A19103F-16F7-4668-BE54-9A1E7A4F7556}") = "ServiceBricks.Security.EntityFrameworkCore.Debug", "src\V1\ServiceBricks.Security.EntityFrameworkCore.Debug\ServiceBricks.Security.EntityFrameworkCore.Debug.csproj", "{6C788C92-BD2D-41C8-B624-36190C24BBC3}"
EndProject
Project("{9A19103F-16F7-4668-BE54-9A1E7A4F7556}") = "ServiceBricks.Security.InMemory", "src\V1\ServiceBricks.Security.InMemory\ServiceBricks.Security.InMemory.csproj", "{A6BE51EB-1A1F-4836-800D-6CDC1DE4E902}"
EndProject
Project("{9A19103F-16F7-4668-BE54-9A1E7A4F7556}") = "ServiceBricks.Security.InMemory.Debug", "src\V1\ServiceBricks.Security.InMemory.Debug\ServiceBricks.Security.InMemory.Debug.csproj", "{BC9262FF-2CEF-48AA-9C64-0A9B9077DBCC}"
EndProject
Project("{9A19103F-16F7-4668-BE54-9A1E7A4F7556}") = "ServiceBricks.Security.Member", "src\V1\ServiceBricks.Security.Member\ServiceBricks.Security.Member.csproj", "{2A096913-0611-4B85-B8C2-041B8E9878DD}"
EndProject
Project("{9A19103F-16F7-4668-BE54-9A1E7A4F7556}") = "ServiceBricks.Security.Member.Debug", "src\V1\ServiceBricks.Security.Member.Debug\ServiceBricks.Security.Member.Debug.csproj", "{232C8F5D-F5A1-487C-81CC-14D2AE695662}"
EndProject
Project("{9A19103F-16F7-4668-BE54-9A1E7A4F7556}") = "ServiceBricks.Security.MongoDb", "src\V1\ServiceBricks.Security.MongoDb\ServiceBricks.Security.MongoDb.csproj", "{4790A40E-57E0-4DB0-8E80-BC9BFEF10CFE}"
EndProject
Project("{9A19103F-16F7-4668-BE54-9A1E7A4F7556}") = "ServiceBricks.Security.MongoDb.Debug", "src\V1\ServiceBricks.Security.MongoDb.Debug\ServiceBricks.Security.MongoDb.Debug.csproj", "{D52620DE-9D02-49E8-AAB9-2AA349A25185}"
EndProject
Project("{9A19103F-16F7-4668-BE54-9A1E7A4F7556}") = "ServiceBricks.Security.Postgres", "src\V1\ServiceBricks.Security.Postgres\ServiceBricks.Security.Postgres.csproj", "{CBF4FCAE-4F47-4BF6-9943-AAFA8D3DFF3D}"
EndProject
Project("{9A19103F-16F7-4668-BE54-9A1E7A4F7556}") = "ServiceBricks.Security.Postgres.Debug", "src\V1\ServiceBricks.Security.Postgres.Debug\ServiceBricks.Security.Postgres.Debug.csproj", "{517E10A0-C808-40B1-9F93-2D7DA8EEC4B0}"
EndProject
Project("{9A19103F-16F7-4668-BE54-9A1E7A4F7556}") = "ServiceBricks.Security.Sqlite", "src\V1\ServiceBricks.Security.Sqlite\ServiceBricks.Security.Sqlite.csproj", "{1E5F423A-7B55-4FD4-BB36-A37589F1ACA4}"
EndProject
Project("{9A19103F-16F7-4668-BE54-9A1E7A4F7556}") = "ServiceBricks.Security.Sqlite.Debug", "src\V1\ServiceBricks.Security.Sqlite.Debug\ServiceBricks.Security.Sqlite.Debug.csproj", "{D83322D8-78D6-4696-869D-EAA03D73D6F1}"
EndProject
Project("{9A19103F-16F7-4668-BE54-9A1E7A4F7556}") = "ServiceBricks.Security.SqlServer", "src\V1\ServiceBricks.Security.SqlServer\ServiceBricks.Security.SqlServer.csproj", "{A5C5BCF7-76A3-42A7-AA17-3D8F1ED288CE}"
EndProject
Project("{9A19103F-16F7-4668-BE54-9A1E7A4F7556}") = "ServiceBricks.Security.SqlServer.Debug", "src\V1\ServiceBricks.Security.SqlServer.Debug\ServiceBricks.Security.SqlServer.Debug.csproj", "{F9D78CDD-94DE-459E-823A-1826C18559FF}"
EndProject
Project("{2150E333-8FDC-42A3-9474-1A3956D46DE8}") = "Tests", "Tests", "{82E9F7FB-47AE-4CF1-BF86-340BF8A501F4}"
EndProject
Project("{9A19103F-16F7-4668-BE54-9A1E7A4F7556}") = "MigrationsHost", "src\V1\Tests\MigrationsHost\MigrationsHost.csproj", "{653171E7-9BAA-4A9D-9A18-AC6FEF09FB49}"
EndProject
Project("{2150E333-8FDC-42A3-9474-1A3956D46DE8}") = "Net6", "Net6", "{E4995100-6451-434B-A27C-CC5C4BA10C6E}"
EndProject
Project("{2150E333-8FDC-42A3-9474-1A3956D46DE8}") = "Net7", "Net7", "{8A708C9C-B7CC-40FE-9068-C6844EC0E58A}"
EndProject
Project("{2150E333-8FDC-42A3-9474-1A3956D46DE8}") = "Net8", "Net8", "{823F1C10-45ED-4B87-A116-9550B4CE1287}"
EndProject
Project("{9A19103F-16F7-4668-BE54-9A1E7A4F7556}") = "ServiceBricks.Security.AzureDataTables.XunitNet6", "src\V1\Tests\ServiceBricks.Security.AzureDataTables.XunitNet6\ServiceBricks.Security.AzureDataTables.XunitNet6.csproj", "{9ADCB749-6FD9-4CC0-8EA5-DBD886862699}"
EndProject
Project("{9A19103F-16F7-4668-BE54-9A1E7A4F7556}") = "ServiceBricks.Security.Cosmos.XunitNet6", "src\V1\Tests\ServiceBricks.Security.Cosmos.XunitNet6\ServiceBricks.Security.Cosmos.XunitNet6.csproj", "{D1AD6C89-E8D6-411B-9263-23D911F0D379}"
EndProject
Project("{9A19103F-16F7-4668-BE54-9A1E7A4F7556}") = "ServiceBricks.Security.InMemory.XunitNet6", "src\V1\Tests\ServiceBricks.Security.InMemory.XunitNet6\ServiceBricks.Security.InMemory.XunitNet6.csproj", "{7972214B-3CBA-41FA-9754-9D45FD7F120A}"
EndProject
Project("{9A19103F-16F7-4668-BE54-9A1E7A4F7556}") = "ServiceBricks.Security.MongoDb.XunitNet6", "src\V1\Tests\ServiceBricks.Security.MongoDb.XunitNet6\ServiceBricks.Security.MongoDb.XunitNet6.csproj", "{385AC980-DBD9-4DA7-902A-FEEB674C5D79}"
EndProject
Project("{9A19103F-16F7-4668-BE54-9A1E7A4F7556}") = "ServiceBricks.Security.Postgres.XunitNet6", "src\V1\Tests\ServiceBricks.Security.Postgres.XunitNet6\ServiceBricks.Security.Postgres.XunitNet6.csproj", "{14E9ACD2-B081-407D-BCF3-B91799058812}"
EndProject
Project("{9A19103F-16F7-4668-BE54-9A1E7A4F7556}") = "ServiceBricks.Security.Sqlite.XunitNet6", "src\V1\Tests\ServiceBricks.Security.Sqlite.XunitNet6\ServiceBricks.Security.Sqlite.XunitNet6.csproj", "{2EA51D94-D8ED-4F65-99D4-7A11C70610E8}"
EndProject
Project("{9A19103F-16F7-4668-BE54-9A1E7A4F7556}") = "ServiceBricks.Security.SqlServer.XunitNet6", "src\V1\Tests\ServiceBricks.Security.SqlServer.XunitNet6\ServiceBricks.Security.SqlServer.XunitNet6.csproj", "{E24209AF-C254-4E58-927A-200090A648FC}"
EndProject
Project("{9A19103F-16F7-4668-BE54-9A1E7A4F7556}") = "ServiceBricks.Security.XunitNet6", "src\V1\Tests\ServiceBricks.Security.XunitNet6\ServiceBricks.Security.XunitNet6.csproj", "{6D60B114-3B3B-4731-BFE4-079C2E64FA81}"
EndProject
Project("{9A19103F-16F7-4668-BE54-9A1E7A4F7556}") = "WebAppNet6", "src\V1\Tests\WebAppNet6\WebAppNet6.csproj", "{BF657138-E279-4FFA-B23A-338A184D203E}"
EndProject
Project("{9A19103F-16F7-4668-BE54-9A1E7A4F7556}") = "ServiceBricks.Security.AzureDataTables.XunitNet7", "src\V1\Tests\ServiceBricks.Security.AzureDataTables.XunitNet7\ServiceBricks.Security.AzureDataTables.XunitNet7.csproj", "{2D8E97EE-7B1C-47E1-B26E-B92DB87243CE}"
EndProject
Project("{9A19103F-16F7-4668-BE54-9A1E7A4F7556}") = "ServiceBricks.Security.Cosmos.XunitNet7", "src\V1\Tests\ServiceBricks.Security.Cosmos.XunitNet7\ServiceBricks.Security.Cosmos.XunitNet7.csproj", "{E368F941-627C-4840-88DC-922C3F6CF5E7}"
EndProject
Project("{9A19103F-16F7-4668-BE54-9A1E7A4F7556}") = "ServiceBricks.Security.InMemory.XunitNet7", "src\V1\Tests\ServiceBricks.Security.InMemory.XunitNet7\ServiceBricks.Security.InMemory.XunitNet7.csproj", "{F57561F3-465D-4F30-875D-388076916251}"
EndProject
Project("{9A19103F-16F7-4668-BE54-9A1E7A4F7556}") = "ServiceBricks.Security.MongoDb.XunitNet7", "src\V1\Tests\ServiceBricks.Security.MongoDb.XunitNet7\ServiceBricks.Security.MongoDb.XunitNet7.csproj", "{2B25F5E9-5CE0-476E-B01B-6C6EA4033F59}"
EndProject
Project("{9A19103F-16F7-4668-BE54-9A1E7A4F7556}") = "ServiceBricks.Security.Postgres.XunitNet7", "src\V1\Tests\ServiceBricks.Security.Postgres.XunitNet7\ServiceBricks.Security.Postgres.XunitNet7.csproj", "{E618AC73-4C42-49FD-8764-E53CC417D24B}"
EndProject
Project("{9A19103F-16F7-4668-BE54-9A1E7A4F7556}") = "ServiceBricks.Security.Sqlite.XunitNet7", "src\V1\Tests\ServiceBricks.Security.Sqlite.XunitNet7\ServiceBricks.Security.Sqlite.XunitNet7.csproj", "{F88F246E-AA55-4D6F-981D-43D915C1799C}"
EndProject
Project("{9A19103F-16F7-4668-BE54-9A1E7A4F7556}") = "ServiceBricks.Security.SqlServer.XunitNet7", "src\V1\Tests\ServiceBricks.Security.SqlServer.XunitNet7\ServiceBricks.Security.SqlServer.XunitNet7.csproj", "{8E656386-719E-4C0D-AAFE-CF7B835D1B74}"
EndProject
Project("{9A19103F-16F7-4668-BE54-9A1E7A4F7556}") = "ServiceBricks.Security.XunitNet7", "src\V1\Tests\ServiceBricks.Security.XunitNet7\ServiceBricks.Security.XunitNet7.csproj", "{C7671E43-0C58-4BBC-AA94-0D826909B31D}"
EndProject
Project("{9A19103F-16F7-4668-BE54-9A1E7A4F7556}") = "WebAppNet7", "src\V1\Tests\WebAppNet7\WebAppNet7.csproj", "{4DFF8D93-7550-415C-A209-24FC8B4FBEA9}"
EndProject
Project("{9A19103F-16F7-4668-BE54-9A1E7A4F7556}") = "ServiceBricks.Security.AzureDataTables.XunitNet8", "src\V1\Tests\ServiceBricks.Security.AzureDataTables.XunitNet8\ServiceBricks.Security.AzureDataTables.XunitNet8.csproj", "{CFC6DA99-E6B7-4001-9827-A62C137613E9}"
EndProject
Project("{9A19103F-16F7-4668-BE54-9A1E7A4F7556}") = "ServiceBricks.Security.Cosmos.XunitNet8", "src\V1\Tests\ServiceBricks.Security.Cosmos.XunitNet8\ServiceBricks.Security.Cosmos.XunitNet8.csproj", "{7243A315-75D5-47C9-AC8B-DD78E0438CCE}"
EndProject
Project("{9A19103F-16F7-4668-BE54-9A1E7A4F7556}") = "ServiceBricks.Security.InMemory.XunitNet8", "src\V1\Tests\ServiceBricks.Security.InMemory.XunitNet8\ServiceBricks.Security.InMemory.XunitNet8.csproj", "{39F3A314-8BDA-4B81-964C-10FFCDE3B717}"
EndProject
Project("{9A19103F-16F7-4668-BE54-9A1E7A4F7556}") = "ServiceBricks.Security.MongoDb.XunitNet8", "src\V1\Tests\ServiceBricks.Security.MongoDb.XunitNet8\ServiceBricks.Security.MongoDb.XunitNet8.csproj", "{BC118693-4791-480F-B004-EB3D4D50A3C4}"
EndProject
Project("{9A19103F-16F7-4668-BE54-9A1E7A4F7556}") = "ServiceBricks.Security.Postgres.XunitNet8", "src\V1\Tests\ServiceBricks.Security.Postgres.XunitNet8\ServiceBricks.Security.Postgres.XunitNet8.csproj", "{512F1BD5-FB1E-4A6B-8754-780206C5E279}"
EndProject
Project("{9A19103F-16F7-4668-BE54-9A1E7A4F7556}") = "ServiceBricks.Security.Sqlite.XunitNet8", "src\V1\Tests\ServiceBricks.Security.Sqlite.XunitNet8\ServiceBricks.Security.Sqlite.XunitNet8.csproj", "{9F782F1D-7DC2-46AC-9390-7928DC648E35}"
EndProject
Project("{9A19103F-16F7-4668-BE54-9A1E7A4F7556}") = "ServiceBricks.Security.SqlServer.XunitNet8", "src\V1\Tests\ServiceBricks.Security.SqlServer.XunitNet8\ServiceBricks.Security.SqlServer.XunitNet8.csproj", "{CE7B175B-4015-4F41-9C18-CD0B2CDDBD56}"
EndProject
Project("{9A19103F-16F7-4668-BE54-9A1E7A4F7556}") = "ServiceBricks.Security.XunitNet8", "src\V1\Tests\ServiceBricks.Security.XunitNet8\ServiceBricks.Security.XunitNet8.csproj", "{D1574EDD-36D8-4BEE-8B6A-789ACC782F0B}"
EndProject
Project("{9A19103F-16F7-4668-BE54-9A1E7A4F7556}") = "WebAppNet8", "src\V1\Tests\WebAppNet8\WebAppNet8.csproj", "{76E52DFE-4E59-41EC-A5BC-7973B83732A9}"
EndProject
Project("{9A19103F-16F7-4668-BE54-9A1E7A4F7556}") = "ServiceBricks.Security.Client.XunitNet6", "src\V1\Tests\ServiceBricks.Security.Client.XunitNet6\ServiceBricks.Security.Client.XunitNet6.csproj", "{0B1FCCDF-2436-4C3E-8229-19922D085F2D}"
EndProject
Project("{9A19103F-16F7-4668-BE54-9A1E7A4F7556}") = "ServiceBricks.Security.Client.XunitNet7", "src\V1\Tests\ServiceBricks.Security.Client.XunitNet7\ServiceBricks.Security.Client.XunitNet7.csproj", "{8FF10208-1793-4EFA-A536-8096FD7F7D96}"
EndProject
Project("{9A19103F-16F7-4668-BE54-9A1E7A4F7556}") = "ServiceBricks.Security.Client.XunitNet8", "src\V1\Tests\ServiceBricks.Security.Client.XunitNet8\ServiceBricks.Security.Client.XunitNet8.csproj", "{28997AEC-4CF0-4050-8EFD-3366A8C5947B}"
EndProject
Global
	GlobalSection(SolutionConfigurationPlatforms) = preSolution
		Debug|Any CPU = Debug|Any CPU
		Release|Any CPU = Release|Any CPU
	EndGlobalSection
	GlobalSection(ProjectConfigurationPlatforms) = postSolution
		{D840552F-631E-4082-8531-1E39005619D7}.Debug|Any CPU.ActiveCfg = Debug|Any CPU
		{D840552F-631E-4082-8531-1E39005619D7}.Release|Any CPU.ActiveCfg = Release|Any CPU
		{D840552F-631E-4082-8531-1E39005619D7}.Release|Any CPU.Build.0 = Release|Any CPU
		{96D5C46A-C685-4080-96B8-504490EFF8AB}.Debug|Any CPU.ActiveCfg = Debug|Any CPU
		{96D5C46A-C685-4080-96B8-504490EFF8AB}.Release|Any CPU.ActiveCfg = Release|Any CPU
		{96D5C46A-C685-4080-96B8-504490EFF8AB}.Release|Any CPU.Build.0 = Release|Any CPU
		{2B835B50-7B2E-458F-BFB9-007E17D1EC56}.Debug|Any CPU.ActiveCfg = Debug|Any CPU
		{2B835B50-7B2E-458F-BFB9-007E17D1EC56}.Debug|Any CPU.Build.0 = Debug|Any CPU
		{2B835B50-7B2E-458F-BFB9-007E17D1EC56}.Release|Any CPU.ActiveCfg = Release|Any CPU
		{2B835B50-7B2E-458F-BFB9-007E17D1EC56}.Release|Any CPU.Build.0 = Release|Any CPU
		{A7BD491B-BA52-4567-A13D-4DF5E8192166}.Debug|Any CPU.ActiveCfg = Debug|Any CPU
		{A7BD491B-BA52-4567-A13D-4DF5E8192166}.Release|Any CPU.ActiveCfg = Release|Any CPU
		{A7BD491B-BA52-4567-A13D-4DF5E8192166}.Release|Any CPU.Build.0 = Release|Any CPU
		{AE135767-92B1-4101-A441-65FB639CE310}.Debug|Any CPU.ActiveCfg = Debug|Any CPU
		{AE135767-92B1-4101-A441-65FB639CE310}.Debug|Any CPU.Build.0 = Debug|Any CPU
		{AE135767-92B1-4101-A441-65FB639CE310}.Release|Any CPU.ActiveCfg = Release|Any CPU
		{AE135767-92B1-4101-A441-65FB639CE310}.Release|Any CPU.Build.0 = Release|Any CPU
		{0E5F1DBC-EABD-4C3E-A807-D062C178A88E}.Debug|Any CPU.ActiveCfg = Debug|Any CPU
		{0E5F1DBC-EABD-4C3E-A807-D062C178A88E}.Debug|Any CPU.Build.0 = Debug|Any CPU
		{0E5F1DBC-EABD-4C3E-A807-D062C178A88E}.Release|Any CPU.ActiveCfg = Release|Any CPU
		{0E5F1DBC-EABD-4C3E-A807-D062C178A88E}.Release|Any CPU.Build.0 = Release|Any CPU
		{6C5F9C9B-3AA3-4A42-AA2E-87741273ADE5}.Debug|Any CPU.ActiveCfg = Debug|Any CPU
		{6C5F9C9B-3AA3-4A42-AA2E-87741273ADE5}.Release|Any CPU.ActiveCfg = Release|Any CPU
		{6C5F9C9B-3AA3-4A42-AA2E-87741273ADE5}.Release|Any CPU.Build.0 = Release|Any CPU
		{6C788C92-BD2D-41C8-B624-36190C24BBC3}.Debug|Any CPU.ActiveCfg = Debug|Any CPU
		{6C788C92-BD2D-41C8-B624-36190C24BBC3}.Debug|Any CPU.Build.0 = Debug|Any CPU
		{6C788C92-BD2D-41C8-B624-36190C24BBC3}.Release|Any CPU.ActiveCfg = Release|Any CPU
		{6C788C92-BD2D-41C8-B624-36190C24BBC3}.Release|Any CPU.Build.0 = Release|Any CPU
		{A6BE51EB-1A1F-4836-800D-6CDC1DE4E902}.Debug|Any CPU.ActiveCfg = Debug|Any CPU
		{A6BE51EB-1A1F-4836-800D-6CDC1DE4E902}.Release|Any CPU.ActiveCfg = Release|Any CPU
		{A6BE51EB-1A1F-4836-800D-6CDC1DE4E902}.Release|Any CPU.Build.0 = Release|Any CPU
		{BC9262FF-2CEF-48AA-9C64-0A9B9077DBCC}.Debug|Any CPU.ActiveCfg = Debug|Any CPU
		{BC9262FF-2CEF-48AA-9C64-0A9B9077DBCC}.Debug|Any CPU.Build.0 = Debug|Any CPU
		{BC9262FF-2CEF-48AA-9C64-0A9B9077DBCC}.Release|Any CPU.ActiveCfg = Release|Any CPU
		{BC9262FF-2CEF-48AA-9C64-0A9B9077DBCC}.Release|Any CPU.Build.0 = Release|Any CPU
		{2A096913-0611-4B85-B8C2-041B8E9878DD}.Debug|Any CPU.ActiveCfg = Debug|Any CPU
		{2A096913-0611-4B85-B8C2-041B8E9878DD}.Debug|Any CPU.Build.0 = Debug|Any CPU
		{2A096913-0611-4B85-B8C2-041B8E9878DD}.Release|Any CPU.ActiveCfg = Release|Any CPU
		{2A096913-0611-4B85-B8C2-041B8E9878DD}.Release|Any CPU.Build.0 = Release|Any CPU
		{232C8F5D-F5A1-487C-81CC-14D2AE695662}.Debug|Any CPU.ActiveCfg = Debug|Any CPU
		{232C8F5D-F5A1-487C-81CC-14D2AE695662}.Debug|Any CPU.Build.0 = Debug|Any CPU
		{232C8F5D-F5A1-487C-81CC-14D2AE695662}.Release|Any CPU.ActiveCfg = Release|Any CPU
		{232C8F5D-F5A1-487C-81CC-14D2AE695662}.Release|Any CPU.Build.0 = Release|Any CPU
		{4790A40E-57E0-4DB0-8E80-BC9BFEF10CFE}.Debug|Any CPU.ActiveCfg = Debug|Any CPU
		{4790A40E-57E0-4DB0-8E80-BC9BFEF10CFE}.Release|Any CPU.ActiveCfg = Release|Any CPU
		{4790A40E-57E0-4DB0-8E80-BC9BFEF10CFE}.Release|Any CPU.Build.0 = Release|Any CPU
		{D52620DE-9D02-49E8-AAB9-2AA349A25185}.Debug|Any CPU.ActiveCfg = Debug|Any CPU
		{D52620DE-9D02-49E8-AAB9-2AA349A25185}.Debug|Any CPU.Build.0 = Debug|Any CPU
		{D52620DE-9D02-49E8-AAB9-2AA349A25185}.Release|Any CPU.ActiveCfg = Release|Any CPU
		{D52620DE-9D02-49E8-AAB9-2AA349A25185}.Release|Any CPU.Build.0 = Release|Any CPU
		{CBF4FCAE-4F47-4BF6-9943-AAFA8D3DFF3D}.Debug|Any CPU.ActiveCfg = Debug|Any CPU
		{CBF4FCAE-4F47-4BF6-9943-AAFA8D3DFF3D}.Release|Any CPU.ActiveCfg = Release|Any CPU
		{CBF4FCAE-4F47-4BF6-9943-AAFA8D3DFF3D}.Release|Any CPU.Build.0 = Release|Any CPU
		{517E10A0-C808-40B1-9F93-2D7DA8EEC4B0}.Debug|Any CPU.ActiveCfg = Debug|Any CPU
		{517E10A0-C808-40B1-9F93-2D7DA8EEC4B0}.Debug|Any CPU.Build.0 = Debug|Any CPU
		{517E10A0-C808-40B1-9F93-2D7DA8EEC4B0}.Release|Any CPU.ActiveCfg = Release|Any CPU
		{517E10A0-C808-40B1-9F93-2D7DA8EEC4B0}.Release|Any CPU.Build.0 = Release|Any CPU
		{1E5F423A-7B55-4FD4-BB36-A37589F1ACA4}.Debug|Any CPU.ActiveCfg = Debug|Any CPU
		{1E5F423A-7B55-4FD4-BB36-A37589F1ACA4}.Release|Any CPU.ActiveCfg = Release|Any CPU
		{1E5F423A-7B55-4FD4-BB36-A37589F1ACA4}.Release|Any CPU.Build.0 = Release|Any CPU
		{D83322D8-78D6-4696-869D-EAA03D73D6F1}.Debug|Any CPU.ActiveCfg = Debug|Any CPU
		{D83322D8-78D6-4696-869D-EAA03D73D6F1}.Debug|Any CPU.Build.0 = Debug|Any CPU
		{D83322D8-78D6-4696-869D-EAA03D73D6F1}.Release|Any CPU.ActiveCfg = Release|Any CPU
		{D83322D8-78D6-4696-869D-EAA03D73D6F1}.Release|Any CPU.Build.0 = Release|Any CPU
		{A5C5BCF7-76A3-42A7-AA17-3D8F1ED288CE}.Debug|Any CPU.ActiveCfg = Debug|Any CPU
		{A5C5BCF7-76A3-42A7-AA17-3D8F1ED288CE}.Release|Any CPU.ActiveCfg = Release|Any CPU
		{A5C5BCF7-76A3-42A7-AA17-3D8F1ED288CE}.Release|Any CPU.Build.0 = Release|Any CPU
		{F9D78CDD-94DE-459E-823A-1826C18559FF}.Debug|Any CPU.ActiveCfg = Debug|Any CPU
		{F9D78CDD-94DE-459E-823A-1826C18559FF}.Debug|Any CPU.Build.0 = Debug|Any CPU
		{F9D78CDD-94DE-459E-823A-1826C18559FF}.Release|Any CPU.ActiveCfg = Release|Any CPU
		{F9D78CDD-94DE-459E-823A-1826C18559FF}.Release|Any CPU.Build.0 = Release|Any CPU
		{653171E7-9BAA-4A9D-9A18-AC6FEF09FB49}.Debug|Any CPU.ActiveCfg = Debug|Any CPU
		{653171E7-9BAA-4A9D-9A18-AC6FEF09FB49}.Debug|Any CPU.Build.0 = Debug|Any CPU
		{653171E7-9BAA-4A9D-9A18-AC6FEF09FB49}.Release|Any CPU.ActiveCfg = Release|Any CPU
		{653171E7-9BAA-4A9D-9A18-AC6FEF09FB49}.Release|Any CPU.Build.0 = Release|Any CPU
		{9ADCB749-6FD9-4CC0-8EA5-DBD886862699}.Debug|Any CPU.ActiveCfg = Debug|Any CPU
		{9ADCB749-6FD9-4CC0-8EA5-DBD886862699}.Debug|Any CPU.Build.0 = Debug|Any CPU
		{9ADCB749-6FD9-4CC0-8EA5-DBD886862699}.Release|Any CPU.ActiveCfg = Release|Any CPU
		{9ADCB749-6FD9-4CC0-8EA5-DBD886862699}.Release|Any CPU.Build.0 = Release|Any CPU
		{D1AD6C89-E8D6-411B-9263-23D911F0D379}.Debug|Any CPU.ActiveCfg = Debug|Any CPU
		{D1AD6C89-E8D6-411B-9263-23D911F0D379}.Debug|Any CPU.Build.0 = Debug|Any CPU
		{D1AD6C89-E8D6-411B-9263-23D911F0D379}.Release|Any CPU.ActiveCfg = Release|Any CPU
		{D1AD6C89-E8D6-411B-9263-23D911F0D379}.Release|Any CPU.Build.0 = Release|Any CPU
		{7972214B-3CBA-41FA-9754-9D45FD7F120A}.Debug|Any CPU.ActiveCfg = Debug|Any CPU
		{7972214B-3CBA-41FA-9754-9D45FD7F120A}.Debug|Any CPU.Build.0 = Debug|Any CPU
		{7972214B-3CBA-41FA-9754-9D45FD7F120A}.Release|Any CPU.ActiveCfg = Release|Any CPU
		{7972214B-3CBA-41FA-9754-9D45FD7F120A}.Release|Any CPU.Build.0 = Release|Any CPU
		{385AC980-DBD9-4DA7-902A-FEEB674C5D79}.Debug|Any CPU.ActiveCfg = Debug|Any CPU
		{385AC980-DBD9-4DA7-902A-FEEB674C5D79}.Debug|Any CPU.Build.0 = Debug|Any CPU
		{385AC980-DBD9-4DA7-902A-FEEB674C5D79}.Release|Any CPU.ActiveCfg = Release|Any CPU
		{385AC980-DBD9-4DA7-902A-FEEB674C5D79}.Release|Any CPU.Build.0 = Release|Any CPU
		{14E9ACD2-B081-407D-BCF3-B91799058812}.Debug|Any CPU.ActiveCfg = Debug|Any CPU
		{14E9ACD2-B081-407D-BCF3-B91799058812}.Debug|Any CPU.Build.0 = Debug|Any CPU
		{14E9ACD2-B081-407D-BCF3-B91799058812}.Release|Any CPU.ActiveCfg = Release|Any CPU
		{14E9ACD2-B081-407D-BCF3-B91799058812}.Release|Any CPU.Build.0 = Release|Any CPU
		{2EA51D94-D8ED-4F65-99D4-7A11C70610E8}.Debug|Any CPU.ActiveCfg = Debug|Any CPU
		{2EA51D94-D8ED-4F65-99D4-7A11C70610E8}.Debug|Any CPU.Build.0 = Debug|Any CPU
		{2EA51D94-D8ED-4F65-99D4-7A11C70610E8}.Release|Any CPU.ActiveCfg = Release|Any CPU
		{2EA51D94-D8ED-4F65-99D4-7A11C70610E8}.Release|Any CPU.Build.0 = Release|Any CPU
		{E24209AF-C254-4E58-927A-200090A648FC}.Debug|Any CPU.ActiveCfg = Debug|Any CPU
		{E24209AF-C254-4E58-927A-200090A648FC}.Debug|Any CPU.Build.0 = Debug|Any CPU
		{E24209AF-C254-4E58-927A-200090A648FC}.Release|Any CPU.ActiveCfg = Release|Any CPU
		{E24209AF-C254-4E58-927A-200090A648FC}.Release|Any CPU.Build.0 = Release|Any CPU
		{6D60B114-3B3B-4731-BFE4-079C2E64FA81}.Debug|Any CPU.ActiveCfg = Debug|Any CPU
		{6D60B114-3B3B-4731-BFE4-079C2E64FA81}.Debug|Any CPU.Build.0 = Debug|Any CPU
		{6D60B114-3B3B-4731-BFE4-079C2E64FA81}.Release|Any CPU.ActiveCfg = Release|Any CPU
		{6D60B114-3B3B-4731-BFE4-079C2E64FA81}.Release|Any CPU.Build.0 = Release|Any CPU
		{BF657138-E279-4FFA-B23A-338A184D203E}.Debug|Any CPU.ActiveCfg = Debug|Any CPU
		{BF657138-E279-4FFA-B23A-338A184D203E}.Debug|Any CPU.Build.0 = Debug|Any CPU
		{BF657138-E279-4FFA-B23A-338A184D203E}.Release|Any CPU.ActiveCfg = Release|Any CPU
		{BF657138-E279-4FFA-B23A-338A184D203E}.Release|Any CPU.Build.0 = Release|Any CPU
		{2D8E97EE-7B1C-47E1-B26E-B92DB87243CE}.Debug|Any CPU.ActiveCfg = Debug|Any CPU
		{2D8E97EE-7B1C-47E1-B26E-B92DB87243CE}.Debug|Any CPU.Build.0 = Debug|Any CPU
		{2D8E97EE-7B1C-47E1-B26E-B92DB87243CE}.Release|Any CPU.ActiveCfg = Release|Any CPU
		{2D8E97EE-7B1C-47E1-B26E-B92DB87243CE}.Release|Any CPU.Build.0 = Release|Any CPU
		{E368F941-627C-4840-88DC-922C3F6CF5E7}.Debug|Any CPU.ActiveCfg = Debug|Any CPU
		{E368F941-627C-4840-88DC-922C3F6CF5E7}.Debug|Any CPU.Build.0 = Debug|Any CPU
		{E368F941-627C-4840-88DC-922C3F6CF5E7}.Release|Any CPU.ActiveCfg = Release|Any CPU
		{E368F941-627C-4840-88DC-922C3F6CF5E7}.Release|Any CPU.Build.0 = Release|Any CPU
		{F57561F3-465D-4F30-875D-388076916251}.Debug|Any CPU.ActiveCfg = Debug|Any CPU
		{F57561F3-465D-4F30-875D-388076916251}.Debug|Any CPU.Build.0 = Debug|Any CPU
		{F57561F3-465D-4F30-875D-388076916251}.Release|Any CPU.ActiveCfg = Release|Any CPU
		{F57561F3-465D-4F30-875D-388076916251}.Release|Any CPU.Build.0 = Release|Any CPU
		{2B25F5E9-5CE0-476E-B01B-6C6EA4033F59}.Debug|Any CPU.ActiveCfg = Debug|Any CPU
		{2B25F5E9-5CE0-476E-B01B-6C6EA4033F59}.Debug|Any CPU.Build.0 = Debug|Any CPU
		{2B25F5E9-5CE0-476E-B01B-6C6EA4033F59}.Release|Any CPU.ActiveCfg = Release|Any CPU
		{2B25F5E9-5CE0-476E-B01B-6C6EA4033F59}.Release|Any CPU.Build.0 = Release|Any CPU
		{E618AC73-4C42-49FD-8764-E53CC417D24B}.Debug|Any CPU.ActiveCfg = Debug|Any CPU
		{E618AC73-4C42-49FD-8764-E53CC417D24B}.Debug|Any CPU.Build.0 = Debug|Any CPU
		{E618AC73-4C42-49FD-8764-E53CC417D24B}.Release|Any CPU.ActiveCfg = Release|Any CPU
		{E618AC73-4C42-49FD-8764-E53CC417D24B}.Release|Any CPU.Build.0 = Release|Any CPU
		{F88F246E-AA55-4D6F-981D-43D915C1799C}.Debug|Any CPU.ActiveCfg = Debug|Any CPU
		{F88F246E-AA55-4D6F-981D-43D915C1799C}.Debug|Any CPU.Build.0 = Debug|Any CPU
		{F88F246E-AA55-4D6F-981D-43D915C1799C}.Release|Any CPU.ActiveCfg = Release|Any CPU
		{F88F246E-AA55-4D6F-981D-43D915C1799C}.Release|Any CPU.Build.0 = Release|Any CPU
		{8E656386-719E-4C0D-AAFE-CF7B835D1B74}.Debug|Any CPU.ActiveCfg = Debug|Any CPU
		{8E656386-719E-4C0D-AAFE-CF7B835D1B74}.Debug|Any CPU.Build.0 = Debug|Any CPU
		{8E656386-719E-4C0D-AAFE-CF7B835D1B74}.Release|Any CPU.ActiveCfg = Release|Any CPU
		{8E656386-719E-4C0D-AAFE-CF7B835D1B74}.Release|Any CPU.Build.0 = Release|Any CPU
		{C7671E43-0C58-4BBC-AA94-0D826909B31D}.Debug|Any CPU.ActiveCfg = Debug|Any CPU
		{C7671E43-0C58-4BBC-AA94-0D826909B31D}.Debug|Any CPU.Build.0 = Debug|Any CPU
		{C7671E43-0C58-4BBC-AA94-0D826909B31D}.Release|Any CPU.ActiveCfg = Release|Any CPU
		{C7671E43-0C58-4BBC-AA94-0D826909B31D}.Release|Any CPU.Build.0 = Release|Any CPU
		{4DFF8D93-7550-415C-A209-24FC8B4FBEA9}.Debug|Any CPU.ActiveCfg = Debug|Any CPU
		{4DFF8D93-7550-415C-A209-24FC8B4FBEA9}.Debug|Any CPU.Build.0 = Debug|Any CPU
		{4DFF8D93-7550-415C-A209-24FC8B4FBEA9}.Release|Any CPU.ActiveCfg = Release|Any CPU
		{4DFF8D93-7550-415C-A209-24FC8B4FBEA9}.Release|Any CPU.Build.0 = Release|Any CPU
		{CFC6DA99-E6B7-4001-9827-A62C137613E9}.Debug|Any CPU.ActiveCfg = Debug|Any CPU
		{CFC6DA99-E6B7-4001-9827-A62C137613E9}.Debug|Any CPU.Build.0 = Debug|Any CPU
		{CFC6DA99-E6B7-4001-9827-A62C137613E9}.Release|Any CPU.ActiveCfg = Release|Any CPU
		{CFC6DA99-E6B7-4001-9827-A62C137613E9}.Release|Any CPU.Build.0 = Release|Any CPU
		{7243A315-75D5-47C9-AC8B-DD78E0438CCE}.Debug|Any CPU.ActiveCfg = Debug|Any CPU
		{7243A315-75D5-47C9-AC8B-DD78E0438CCE}.Debug|Any CPU.Build.0 = Debug|Any CPU
		{7243A315-75D5-47C9-AC8B-DD78E0438CCE}.Release|Any CPU.ActiveCfg = Release|Any CPU
		{7243A315-75D5-47C9-AC8B-DD78E0438CCE}.Release|Any CPU.Build.0 = Release|Any CPU
		{39F3A314-8BDA-4B81-964C-10FFCDE3B717}.Debug|Any CPU.ActiveCfg = Debug|Any CPU
		{39F3A314-8BDA-4B81-964C-10FFCDE3B717}.Debug|Any CPU.Build.0 = Debug|Any CPU
		{39F3A314-8BDA-4B81-964C-10FFCDE3B717}.Release|Any CPU.ActiveCfg = Release|Any CPU
		{39F3A314-8BDA-4B81-964C-10FFCDE3B717}.Release|Any CPU.Build.0 = Release|Any CPU
		{BC118693-4791-480F-B004-EB3D4D50A3C4}.Debug|Any CPU.ActiveCfg = Debug|Any CPU
		{BC118693-4791-480F-B004-EB3D4D50A3C4}.Debug|Any CPU.Build.0 = Debug|Any CPU
		{BC118693-4791-480F-B004-EB3D4D50A3C4}.Release|Any CPU.ActiveCfg = Release|Any CPU
		{BC118693-4791-480F-B004-EB3D4D50A3C4}.Release|Any CPU.Build.0 = Release|Any CPU
		{512F1BD5-FB1E-4A6B-8754-780206C5E279}.Debug|Any CPU.ActiveCfg = Debug|Any CPU
		{512F1BD5-FB1E-4A6B-8754-780206C5E279}.Debug|Any CPU.Build.0 = Debug|Any CPU
		{512F1BD5-FB1E-4A6B-8754-780206C5E279}.Release|Any CPU.ActiveCfg = Release|Any CPU
		{512F1BD5-FB1E-4A6B-8754-780206C5E279}.Release|Any CPU.Build.0 = Release|Any CPU
		{9F782F1D-7DC2-46AC-9390-7928DC648E35}.Debug|Any CPU.ActiveCfg = Debug|Any CPU
		{9F782F1D-7DC2-46AC-9390-7928DC648E35}.Debug|Any CPU.Build.0 = Debug|Any CPU
		{9F782F1D-7DC2-46AC-9390-7928DC648E35}.Release|Any CPU.ActiveCfg = Release|Any CPU
		{9F782F1D-7DC2-46AC-9390-7928DC648E35}.Release|Any CPU.Build.0 = Release|Any CPU
		{CE7B175B-4015-4F41-9C18-CD0B2CDDBD56}.Debug|Any CPU.ActiveCfg = Debug|Any CPU
		{CE7B175B-4015-4F41-9C18-CD0B2CDDBD56}.Debug|Any CPU.Build.0 = Debug|Any CPU
		{CE7B175B-4015-4F41-9C18-CD0B2CDDBD56}.Release|Any CPU.ActiveCfg = Release|Any CPU
		{CE7B175B-4015-4F41-9C18-CD0B2CDDBD56}.Release|Any CPU.Build.0 = Release|Any CPU
		{D1574EDD-36D8-4BEE-8B6A-789ACC782F0B}.Debug|Any CPU.ActiveCfg = Debug|Any CPU
		{D1574EDD-36D8-4BEE-8B6A-789ACC782F0B}.Debug|Any CPU.Build.0 = Debug|Any CPU
		{D1574EDD-36D8-4BEE-8B6A-789ACC782F0B}.Release|Any CPU.ActiveCfg = Release|Any CPU
		{D1574EDD-36D8-4BEE-8B6A-789ACC782F0B}.Release|Any CPU.Build.0 = Release|Any CPU
		{76E52DFE-4E59-41EC-A5BC-7973B83732A9}.Debug|Any CPU.ActiveCfg = Debug|Any CPU
		{76E52DFE-4E59-41EC-A5BC-7973B83732A9}.Debug|Any CPU.Build.0 = Debug|Any CPU
		{76E52DFE-4E59-41EC-A5BC-7973B83732A9}.Release|Any CPU.ActiveCfg = Release|Any CPU
		{76E52DFE-4E59-41EC-A5BC-7973B83732A9}.Release|Any CPU.Build.0 = Release|Any CPU
		{0B1FCCDF-2436-4C3E-8229-19922D085F2D}.Debug|Any CPU.ActiveCfg = Debug|Any CPU
		{0B1FCCDF-2436-4C3E-8229-19922D085F2D}.Debug|Any CPU.Build.0 = Debug|Any CPU
		{0B1FCCDF-2436-4C3E-8229-19922D085F2D}.Release|Any CPU.ActiveCfg = Release|Any CPU
		{0B1FCCDF-2436-4C3E-8229-19922D085F2D}.Release|Any CPU.Build.0 = Release|Any CPU
		{8FF10208-1793-4EFA-A536-8096FD7F7D96}.Debug|Any CPU.ActiveCfg = Debug|Any CPU
		{8FF10208-1793-4EFA-A536-8096FD7F7D96}.Debug|Any CPU.Build.0 = Debug|Any CPU
		{8FF10208-1793-4EFA-A536-8096FD7F7D96}.Release|Any CPU.ActiveCfg = Release|Any CPU
		{8FF10208-1793-4EFA-A536-8096FD7F7D96}.Release|Any CPU.Build.0 = Release|Any CPU
		{28997AEC-4CF0-4050-8EFD-3366A8C5947B}.Debug|Any CPU.ActiveCfg = Debug|Any CPU
		{28997AEC-4CF0-4050-8EFD-3366A8C5947B}.Debug|Any CPU.Build.0 = Debug|Any CPU
		{28997AEC-4CF0-4050-8EFD-3366A8C5947B}.Release|Any CPU.ActiveCfg = Release|Any CPU
		{28997AEC-4CF0-4050-8EFD-3366A8C5947B}.Release|Any CPU.Build.0 = Release|Any CPU
	EndGlobalSection
	GlobalSection(SolutionProperties) = preSolution
		HideSolutionNode = FALSE
	EndGlobalSection
	GlobalSection(NestedProjects) = preSolution
		{653171E7-9BAA-4A9D-9A18-AC6FEF09FB49} = {82E9F7FB-47AE-4CF1-BF86-340BF8A501F4}
		{E4995100-6451-434B-A27C-CC5C4BA10C6E} = {82E9F7FB-47AE-4CF1-BF86-340BF8A501F4}
		{8A708C9C-B7CC-40FE-9068-C6844EC0E58A} = {82E9F7FB-47AE-4CF1-BF86-340BF8A501F4}
		{823F1C10-45ED-4B87-A116-9550B4CE1287} = {82E9F7FB-47AE-4CF1-BF86-340BF8A501F4}
		{9ADCB749-6FD9-4CC0-8EA5-DBD886862699} = {E4995100-6451-434B-A27C-CC5C4BA10C6E}
		{D1AD6C89-E8D6-411B-9263-23D911F0D379} = {E4995100-6451-434B-A27C-CC5C4BA10C6E}
		{7972214B-3CBA-41FA-9754-9D45FD7F120A} = {E4995100-6451-434B-A27C-CC5C4BA10C6E}
		{385AC980-DBD9-4DA7-902A-FEEB674C5D79} = {E4995100-6451-434B-A27C-CC5C4BA10C6E}
		{14E9ACD2-B081-407D-BCF3-B91799058812} = {E4995100-6451-434B-A27C-CC5C4BA10C6E}
		{2EA51D94-D8ED-4F65-99D4-7A11C70610E8} = {E4995100-6451-434B-A27C-CC5C4BA10C6E}
		{E24209AF-C254-4E58-927A-200090A648FC} = {E4995100-6451-434B-A27C-CC5C4BA10C6E}
		{6D60B114-3B3B-4731-BFE4-079C2E64FA81} = {E4995100-6451-434B-A27C-CC5C4BA10C6E}
		{BF657138-E279-4FFA-B23A-338A184D203E} = {E4995100-6451-434B-A27C-CC5C4BA10C6E}
		{2D8E97EE-7B1C-47E1-B26E-B92DB87243CE} = {8A708C9C-B7CC-40FE-9068-C6844EC0E58A}
		{E368F941-627C-4840-88DC-922C3F6CF5E7} = {8A708C9C-B7CC-40FE-9068-C6844EC0E58A}
		{F57561F3-465D-4F30-875D-388076916251} = {8A708C9C-B7CC-40FE-9068-C6844EC0E58A}
		{2B25F5E9-5CE0-476E-B01B-6C6EA4033F59} = {8A708C9C-B7CC-40FE-9068-C6844EC0E58A}
		{E618AC73-4C42-49FD-8764-E53CC417D24B} = {8A708C9C-B7CC-40FE-9068-C6844EC0E58A}
		{F88F246E-AA55-4D6F-981D-43D915C1799C} = {8A708C9C-B7CC-40FE-9068-C6844EC0E58A}
		{8E656386-719E-4C0D-AAFE-CF7B835D1B74} = {8A708C9C-B7CC-40FE-9068-C6844EC0E58A}
		{C7671E43-0C58-4BBC-AA94-0D826909B31D} = {8A708C9C-B7CC-40FE-9068-C6844EC0E58A}
		{4DFF8D93-7550-415C-A209-24FC8B4FBEA9} = {8A708C9C-B7CC-40FE-9068-C6844EC0E58A}
		{CFC6DA99-E6B7-4001-9827-A62C137613E9} = {823F1C10-45ED-4B87-A116-9550B4CE1287}
		{7243A315-75D5-47C9-AC8B-DD78E0438CCE} = {823F1C10-45ED-4B87-A116-9550B4CE1287}
		{39F3A314-8BDA-4B81-964C-10FFCDE3B717} = {823F1C10-45ED-4B87-A116-9550B4CE1287}
		{BC118693-4791-480F-B004-EB3D4D50A3C4} = {823F1C10-45ED-4B87-A116-9550B4CE1287}
		{512F1BD5-FB1E-4A6B-8754-780206C5E279} = {823F1C10-45ED-4B87-A116-9550B4CE1287}
		{9F782F1D-7DC2-46AC-9390-7928DC648E35} = {823F1C10-45ED-4B87-A116-9550B4CE1287}
		{CE7B175B-4015-4F41-9C18-CD0B2CDDBD56} = {823F1C10-45ED-4B87-A116-9550B4CE1287}
		{D1574EDD-36D8-4BEE-8B6A-789ACC782F0B} = {823F1C10-45ED-4B87-A116-9550B4CE1287}
		{76E52DFE-4E59-41EC-A5BC-7973B83732A9} = {823F1C10-45ED-4B87-A116-9550B4CE1287}
		{0B1FCCDF-2436-4C3E-8229-19922D085F2D} = {E4995100-6451-434B-A27C-CC5C4BA10C6E}
		{8FF10208-1793-4EFA-A536-8096FD7F7D96} = {8A708C9C-B7CC-40FE-9068-C6844EC0E58A}
		{28997AEC-4CF0-4050-8EFD-3366A8C5947B} = {823F1C10-45ED-4B87-A116-9550B4CE1287}
	EndGlobalSection
	GlobalSection(ExtensibilityGlobals) = postSolution
		SolutionGuid = {7EABF5CA-2E64-4841-829D-5F084CE4C8BA}
	EndGlobalSection
EndGlobal
